# This file was autogenerated by Stack.
# You should not edit this file by hand.
# For more information, please see the documentation at:
#   https://docs.haskellstack.org/en/stable/lock_files

packages:
- completed:
    pantry-tree:
      sha256: 25101083fc9e530b09ccea7d7f6bdb4f57d3cf1fb927e7771969194e6f03f34b
      size: 422
    hackage: groundhog-th-0.12@sha256:b49cf8721f796f1b3c193a1620cc96b49118e217d838e3f9551e3ed6383240e9,1440
  original:
    hackage: groundhog-th-0.12@sha256:b49cf8721f796f1b3c193a1620cc96b49118e217d838e3f9551e3ed6383240e9,1440
- completed:
    pantry-tree:
      sha256: 1f61b87807bfb4362a978a492e2f17be9e3ebfe32f983ee49863ddde970b32ce
      size: 37981
    hackage: aeson-1.5.6.0@sha256:5003bb6fd260d2e2d5a51dee2bf5c8e8f29e4e0e0288fef805c22dcc80ecab06,6788
  original:
    hackage: aeson-1.5.6.0@sha256:5003bb6fd260d2e2d5a51dee2bf5c8e8f29e4e0e0288fef805c22dcc80ecab06,6788
snapshots:
- completed:
    sha256: 005f204647467d65c4ab549a5ca35d54b3d90a84a99a4ffc5d421a4018854fe2
    size: 618509
    url: https://raw.githubusercontent.com/commercialhaskell/stackage-snapshots/master/lts/19/10.yaml
  original: lts-19.10
